// !$*UTF8*$!
{
	archiveVersion = 1;
	classes = {
	};
	objectVersion = 77;
	objects = {

/* Begin PBXContainerItemProxy section */
		65E793D42E434E0500A7DF22 /* PBXContainerItemProxy */ = {
			isa = PBXContainerItemProxy;
			containerPortal = 65E793BE2E434E0400A7DF22 /* Project object */;
			proxyType = 1;
			remoteGlobalIDString = 65E793C52E434E0400A7DF22;
			remoteInfo = CatWhiteBank;
		};
		65E793DE2E434E0500A7DF22 /* PBXContainerItemProxy */ = {
			isa = PBXContainerItemProxy;
			containerPortal = 65E793BE2E434E0400A7DF22 /* Project object */;
			proxyType = 1;
			remoteGlobalIDString = 65E793C52E434E0400A7DF22;
			remoteInfo = CatWhiteBank;
		};
/* End PBXContainerItemProxy section */

/* Begin PBXFileReference section */
		65E793C62E434E0400A7DF22 /* CatWhiteBank.app */ = {isa = PBXFileReference; explicitFileType = wrapper.application; includeInIndex = 0; path = CatWhiteBank.app; sourceTree = BUILT_PRODUCTS_DIR; };
		65E793D32E434E0500A7DF22 /* CatWhiteBankTests.xctest */ = {isa = PBXFileReference; explicitFileType = wrapper.cfbundle; includeInIndex = 0; path = CatWhiteBankTests.xctest; sourceTree = BUILT_PRODUCTS_DIR; };
		65E793DD2E434E0500A7DF22 /* CatWhiteBankUITests.xctest */ = {isa = PBXFileReference; explicitFileType = wrapper.cfbundle; includeInIndex = 0; path = CatWhiteBankUITests.xctest; sourceTree = BUILT_PRODUCTS_DIR; };
/* End PBXFileReference section */

/* Begin PBXFileSystemSynchronizedRootGroup section */
		65E793C82E434E0400A7DF22 /* CatWhiteBank */ = {
			isa = PBXFileSystemSynchronizedRootGroup;
			path = CatWhiteBank;
			sourceTree = "<group>";
		};
		65E793D62E434E0500A7DF22 /* CatWhiteBankTests */ = {
			isa = PBXFileSystemSynchronizedRootGroup;
			path = CatWhiteBankTests;
			sourceTree = "<group>";
		};
		65E793E02E434E0500A7DF22 /* CatWhiteBankUITests */ = {
			isa = PBXFileSystemSynchronizedRootGroup;
			path = CatWhiteBankUITests;
			sourceTree = "<group>";
		};
/* End PBXFileSystemSynchronizedRootGroup section */

/* Begin PBXFrameworksBuildPhase section */
		65E793C32E434E0400A7DF22 /* Frameworks */ = {
			isa = PBXFrameworksBuildPhase;
			buildActionMask = 2147483647;
			files = (
			);
			runOnlyForDeploymentPostprocessing = 0;
		};
		65E793D02E434E0500A7DF22 /* Frameworks */ = {
			isa = PBXFrameworksBuildPhase;
			buildActionMask = 2147483647;
			files = (
			);
			runOnlyForDeploymentPostprocessing = 0;
		};
		65E793DA2E434E0500A7DF22 /* Frameworks */ = {
			isa = PBXFrameworksBuildPhase;
			buildActionMask = 2147483647;
			files = (
			);
			runOnlyForDeploymentPostprocessing = 0;
		};
/* End PBXFrameworksBuildPhase section */

/* Begin PBXGroup section */
		65E793BD2E434E0400A7DF22 = {
			isa = PBXGroup;
			children = (
				65E793C82E434E0400A7DF22 /* CatWhiteBank */,
				65E793D62E434E0500A7DF22 /* CatWhiteBankTests */,
				65E793E02E434E0500A7DF22 /* CatWhiteBankUITests */,
				65E793C72E434E0400A7DF22 /* Products */,
			);
			sourceTree = "<group>";
		};
		65E793C72E434E0400A7DF22 /* Products */ = {
			isa = PBXGroup;
			children = (
				65E793C62E434E0400A7DF22 /* CatWhiteBank.app */,
				65E793D32E434E0500A7DF22 /* CatWhiteBankTests.xctest */,
				65E793DD2E434E0500A7DF22 /* CatWhiteBankUITests.xctest */,
			);
			name = Products;
			sourceTree = "<group>";
		};
/* End PBXGroup section */

/* Begin PBXNativeTarget section */
		65E793C52E434E0400A7DF22 /* CatWhiteBank */ = {
			isa = PBXNativeTarget;
			buildConfigurationList = 65E793E72E434E0500A7DF22 /* Build configuration list for PBXNativeTarget "CatWhiteBank" */;
			buildPhases = (
				65E793C22E434E0400A7DF22 /* Sources */,
				65E793C32E434E0400A7DF22 /* Frameworks */,
				65E793C42E434E0400A7DF22 /* Resources */,
			);
			buildRules = (
			);
			dependencies = (
			);
			fileSystemSynchronizedGroups = (
				65E793C82E434E0400A7DF22 /* CatWhiteBank */,
			);
			name = CatWhiteBank;
			packageProductDependencies = (
			);
			productName = CatWhiteBank;
			productReference = 65E793C62E434E0400A7DF22 /* CatWhiteBank.app */;
			productType = "com.apple.product-type.application";
		};
		65E793D22E434E0500A7DF22 /* CatWhiteBankTests */ = {
			isa = PBXNativeTarget;
			buildConfigurationList = 65E793EA2E434E0500A7DF22 /* Build configuration list for PBXNativeTarget "CatWhiteBankTests" */;
			buildPhases = (
				65E793CF2E434E0500A7DF22 /* Sources */,
				65E793D02E434E0500A7DF22 /* Frameworks */,
				65E793D12E434E0500A7DF22 /* Resources */,
			);
			buildRules = (
			);
			dependencies = (
				65E793D52E434E0500A7DF22 /* PBXTargetDependency */,
			);
			fileSystemSynchronizedGroups = (
				65E793D62E434E0500A7DF22 /* CatWhiteBankTests */,
			);
			name = CatWhiteBankTests;
			packageProductDependencies = (
			);
			productName = CatWhiteBankTests;
			productReference = 65E793D32E434E0500A7DF22 /* CatWhiteBankTests.xctest */;
			productType = "com.apple.product-type.bundle.unit-test";
		};
		65E793DC2E434E0500A7DF22 /* CatWhiteBankUITests */ = {
			isa = PBXNativeTarget;
			buildConfigurationList = 65E793ED2E434E0500A7DF22 /* Build configuration list for PBXNativeTarget "CatWhiteBankUITests" */;
			buildPhases = (
				65E793D92E434E0500A7DF22 /* Sources */,
				65E793DA2E434E0500A7DF22 /* Frameworks */,
				65E793DB2E434E0500A7DF22 /* Resources */,
			);
			buildRules = (
			);
			dependencies = (
				65E793DF2E434E0500A7DF22 /* PBXTargetDependency */,
			);
			fileSystemSynchronizedGroups = (
				65E793E02E434E0500A7DF22 /* CatWhiteBankUITests */,
			);
			name = CatWhiteBankUITests;
			packageProductDependencies = (
			);
			productName = CatWhiteBankUITests;
			productReference = 65E793DD2E434E0500A7DF22 /* CatWhiteBankUITests.xctest */;
			productType = "com.apple.product-type.bundle.ui-testing";
		};
/* End PBXNativeTarget section */

/* Begin PBXProject section */
		65E793BE2E434E0400A7DF22 /* Project object */ = {
			isa = PBXProject;
			attributes = {
				BuildIndependentTargetsInParallel = 1;
				LastSwiftUpdateCheck = 1640;
				LastUpgradeCheck = 1640;
				TargetAttributes = {
					65E793C52E434E0400A7DF22 = {
						CreatedOnToolsVersion = 16.4;
					};
					65E793D22E434E0500A7DF22 = {
						CreatedOnToolsVersion = 16.4;
						TestTargetID = 65E793C52E434E0400A7DF22;
					};
					65E793DC2E434E0500A7DF22 = {
						CreatedOnToolsVersion = 16.4;
						TestTargetID = 65E793C52E434E0400A7DF22;
					};
				};
			};
			buildConfigurationList = 65E793C12E434E0400A7DF22 /* Build configuration list for PBXProject "CatWhiteBank" */;
			developmentRegion = en;
			hasScannedForEncodings = 0;
			knownRegions = (
				en,
				Base,
			);
			mainGroup = 65E793BD2E434E0400A7DF22;
			minimizedProjectReferenceProxies = 1;
			preferredProjectObjectVersion = 77;
			productRefGroup = 65E793C72E434E0400A7DF22 /* Products */;
			projectDirPath = "";
			projectRoot = "";
			targets = (
				65E793C52E434E0400A7DF22 /* CatWhiteBank */,
				65E793D22E434E0500A7DF22 /* CatWhiteBankTests */,
				65E793DC2E434E0500A7DF22 /* CatWhiteBankUITests */,
			);
		};
/* End PBXProject section */

/* Begin PBXResourcesBuildPhase section */
		65E793C42E434E0400A7DF22 /* Resources */ = {
			isa = PBXResourcesBuildPhase;
			buildActionMask = 2147483647;
			files = (
			);
			runOnlyForDeploymentPostprocessing = 0;
		};
		65E793D12E434E0500A7DF22 /* Resources */ = {
			isa = PBXResourcesBuildPhase;
			buildActionMask = 2147483647;
			files = (
			);
			runOnlyForDeploymentPostprocessing = 0;
		};
		65E793DB2E434E0500A7DF22 /* Resources */ = {
			isa = PBXResourcesBuildPhase;
			buildActionMask = 2147483647;
			files = (
			);
			runOnlyForDeploymentPostprocessing = 0;
		};
/* End PBXResourcesBuildPhase section */

/* Begin PBXSourcesBuildPhase section */
		65E793C22E434E0400A7DF22 /* Sources */ = {
			isa = PBXSourcesBuildPhase;
			buildActionMask = 2147483647;
			files = (
			);
			runOnlyForDeploymentPostprocessing = 0;
		};
		65E793CF2E434E0500A7DF22 /* Sources */ = {
			isa = PBXSourcesBuildPhase;
			buildActionMask = 2147483647;
			files = (
			);
			runOnlyForDeploymentPostprocessing = 0;
		};
		65E793D92E434E0500A7DF22 /* Sources */ = {
			isa = PBXSourcesBuildPhase;
			buildActionMask = 2147483647;
			files = (
			);
			runOnlyForDeploymentPostprocessing = 0;
		};
/* End PBXSourcesBuildPhase section */

/* Begin PBXTargetDependency section */
		65E793D52E434E0500A7DF22 /* PBXTargetDependency */ = {
			isa = PBXTargetDependency;
			target = 65E793C52E434E0400A7DF22 /* CatWhiteBank */;
			targetProxy = 65E793D42E434E0500A7DF22 /* PBXContainerItemProxy */;
		};
		65E793DF2E434E0500A7DF22 /* PBXTargetDependency */ = {
			isa = PBXTargetDependency;
			target = 65E793C52E434E0400A7DF22 /* CatWhiteBank */;
			targetProxy = 65E793DE2E434E0500A7DF22 /* PBXContainerItemProxy */;
		};
/* End PBXTargetDependency section */

/* Begin XCBuildConfiguration section */
		65E793E52E434E0500A7DF22 /* Debug */ = {
			isa = XCBuildConfiguration;
			buildSettings = {
				ALWAYS_SEARCH_USER_PATHS = NO;
				ASSETCATALOG_COMPILER_GENERATE_SWIFT_ASSET_SYMBOL_EXTENSIONS = YES;
				CLANG_ANALYZER_NONNULL = YES;
				CLANG_ANALYZER_NUMBER_OBJECT_CONVERSION = YES_AGGRESSIVE;
				CLANG_CXX_LANGUAGE_STANDARD = "gnu++20";
				CLANG_ENABLE_MODULES = YES;
				CLANG_ENABLE_OBJC_ARC = YES;
				CLANG_ENABLE_OBJC_WEAK = YES;
				CLANG_WARN_BLOCK_CAPTURE_AUTORELEASING = YES;
				CLANG_WARN_BOOL_CONVERSION = YES;
				CLANG_WARN_COMMA = YES;
				CLANG_WARN_CONSTANT_CONVERSION = YES;
				CLANG_WARN_DEPRECATED_OBJC_IMPLEMENTATIONS = YES;
				CLANG_WARN_DIRECT_OBJC_ISA_USAGE = YES_ERROR;
				CLANG_WARN_DOCUMENTATION_COMMENTS = YES;
				CLANG_WARN_EMPTY_BODY = YES;
				CLANG_WARN_ENUM_CONVERSION = YES;
				CLANG_WARN_INFINITE_RECURSION = YES;
				CLANG_WARN_INT_CONVERSION = YES;
				CLANG_WARN_NON_LITERAL_NULL_CONVERSION = YES;
				CLANG_WARN_OBJC_IMPLICIT_RETAIN_SELF = YES;
				CLANG_WARN_OBJC_LITERAL_CONVERSION = YES;
				CLANG_WARN_OBJC_ROOT_CLASS = YES_ERROR;
				CLANG_WARN_QUOTED_INCLUDE_IN_FRAMEWORK_HEADER = YES;
				CLANG_WARN_RANGE_LOOP_ANALYSIS = YES;
				CLANG_WARN_STRICT_PROTOTYPES = YES;
				CLANG_WARN_SUSPICIOUS_MOVE = YES;
				CLANG_WARN_UNGUARDED_AVAILABILITY = YES_AGGRESSIVE;
				CLANG_WARN_UNREACHABLE_CODE = YES;
				CLANG_WARN__DUPLICATE_METHOD_MATCH = YES;
				COPY_PHASE_STRIP = NO;
				DEBUG_INFORMATION_FORMAT = dwarf;
				DEVELOPMENT_TEAM = 2NS4V5BBM5;
				ENABLE_STRICT_OBJC_MSGSEND = YES;
				ENABLE_TESTABILITY = YES;
				ENABLE_USER_SCRIPT_SANDBOXING = YES;
				GCC_C_LANGUAGE_STANDARD = gnu17;
				GCC_DYNAMIC_NO_PIC = NO;
				GCC_NO_COMMON_BLOCKS = YES;
				GCC_OPTIMIZATION_LEVEL = 0;
				GCC_PREPROCESSOR_DEFINITIONS = (
					"DEBUG=1",
					"$(inherited)",
				);
				GCC_WARN_64_TO_32_BIT_CONVERSION = YES;
				GCC_WARN_ABOUT_RETURN_TYPE = YES_ERROR;
				GCC_WARN_UNDECLARED_SELECTOR = YES;
				GCC_WARN_UNINITIALIZED_AUTOS = YES_AGGRESSIVE;
				GCC_WARN_UNUSED_FUNCTION = YES;
				GCC_WARN_UNUSED_VARIABLE = YES;
				IPHONEOS_DEPLOYMENT_TARGET = 18.5;
				LOCALIZATION_PREFERS_STRING_CATALOGS = YES;
				MTL_ENABLE_DEBUG_INFO = INCLUDE_SOURCE;
				MTL_FAST_MATH = YES;
				ONLY_ACTIVE_ARCH = YES;
				SDKROOT = iphoneos;
				SWIFT_ACTIVE_COMPILATION_CONDITIONS = "DEBUG $(inherited)";
				SWIFT_OPTIMIZATION_LEVEL = "-Onone";
			};
			name = Debug;
		};
		65E793E62E434E0500A7DF22 /* Release */ = {
			isa = XCBuildConfiguration;
			buildSettings = {
				ALWAYS_SEARCH_USER_PATHS = NO;
				ASSETCATALOG_COMPILER_GENERATE_SWIFT_ASSET_SYMBOL_EXTENSIONS = YES;
				CLANG_ANALYZER_NONNULL = YES;
				CLANG_ANALYZER_NUMBER_OBJECT_CONVERSION = YES_AGGRESSIVE;
				CLANG_CXX_LANGUAGE_STANDARD = "gnu++20";
				CLANG_ENABLE_MODULES = YES;
				CLANG_ENABLE_OBJC_ARC = YES;
				CLANG_ENABLE_OBJC_WEAK = YES;
				CLANG_WARN_BLOCK_CAPTURE_AUTORELEASING = YES;
				CLANG_WARN_BOOL_CONVERSION = YES;
				CLANG_WARN_COMMA = YES;
				CLANG_WARN_CONSTANT_CONVERSION = YES;
				CLANG_WARN_DEPRECATED_OBJC_IMPLEMENTATIONS = YES;
				CLANG_WARN_DIRECT_OBJC_ISA_USAGE = YES_ERROR;
				CLANG_WARN_DOCUMENTATION_COMMENTS = YES;
				CLANG_WARN_EMPTY_BODY = YES;
				CLANG_WARN_ENUM_CONVERSION = YES;
				CLANG_WARN_INFINITE_RECURSION = YES;
				CLANG_WARN_INT_CONVERSION = YES;
				CLANG_WARN_NON_LITERAL_NULL_CONVERSION = YES;
				CLANG_WARN_OBJC_IMPLICIT_RETAIN_SELF = YES;
				CLANG_WARN_OBJC_LITERAL_CONVERSION = YES;
				CLANG_WARN_OBJC_ROOT_CLASS = YES_ERROR;
				CLANG_WARN_QUOTED_INCLUDE_IN_FRAMEWORK_HEADER = YES;
				CLANG_WARN_RANGE_LOOP_ANALYSIS = YES;
				CLANG_WARN_STRICT_PROTOTYPES = YES;
				CLANG_WARN_SUSPICIOUS_MOVE = YES;
				CLANG_WARN_UNGUARDED_AVAILABILITY = YES_AGGRESSIVE;
				CLANG_WARN_UNREACHABLE_CODE = YES;
				CLANG_WARN__DUPLICATE_METHOD_MATCH = YES;
				COPY_PHASE_STRIP = NO;
				DEBUG_INFORMATION_FORMAT = "dwarf-with-dsym";
				DEVELOPMENT_TEAM = 2NS4V5BBM5;
				ENABLE_NS_ASSERTIONS = NO;
				ENABLE_STRICT_OBJC_MSGSEND = YES;
				ENABLE_USER_SCRIPT_SANDBOXING = YES;
				GCC_C_LANGUAGE_STANDARD = gnu17;
				GCC_NO_COMMON_BLOCKS = YES;
				GCC_WARN_64_TO_32_BIT_CONVERSION = YES;
				GCC_WARN_ABOUT_RETURN_TYPE = YES_ERROR;
				GCC_WARN_UNDECLARED_SELECTOR = YES;
				GCC_WARN_UNINITIALIZED_AUTOS = YES_AGGRESSIVE;
				GCC_WARN_UNUSED_FUNCTION = YES;
				GCC_WARN_UNUSED_VARIABLE = YES;
				IPHONEOS_DEPLOYMENT_TARGET = 18.5;
				LOCALIZATION_PREFERS_STRING_CATALOGS = YES;
				MTL_ENABLE_DEBUG_INFO = NO;
				MTL_FAST_MATH = YES;
				SDKROOT = iphoneos;
				SWIFT_COMPILATION_MODE = wholemodule;
				VALIDATE_PRODUCT = YES;
			};
			name = Release;
		};
		65E793E82E434E0500A7DF22 /* Debug */ = {
			isa = XCBuildConfiguration;
			buildSettings = {
				ASSETCATALOG_COMPILER_APPICON_NAME = AppIcon;
				ASSETCATALOG_COMPILER_GLOBAL_ACCENT_COLOR_NAME = AccentColor;
				CODE_SIGN_STYLE = Automatic;
				CURRENT_PROJECT_VERSION = 1;
				DEVELOPMENT_TEAM = 2NS4V5BBM5;
				ENABLE_PREVIEWS = YES;
				GENERATE_INFOPLIST_FILE = YES;
				INFOPLIST_KEY_CFBundleDisplayName = "豹白銀行";
				INFOPLIST_KEY_UIApplicationSceneManifest_Generation = YES;
				INFOPLIST_KEY_UIApplicationSupportsIndirectInputEvents = YES;
				INFOPLIST_KEY_UILaunchScreen_Generation = YES;
				INFOPLIST_KEY_UISupportedInterfaceOrientations = UIInterfaceOrientationPortrait;
				INFOPLIST_KEY_UISupportedInterfaceOrientations_iPad = "UIInterfaceOrientationLandscapeLeft UIInterfaceOrientationLandscapeRight UIInterfaceOrientationPortrait UIInterfaceOrientationPortraitUpsideDown";
				LD_RUNPATH_SEARCH_PATHS = (
					"$(inherited)",
					"@executable_path/Frameworks",
				);
				MARKETING_VERSION = 1.0;
				PRODUCT_BUNDLE_IDENTIFIER = top.danielk.CatWhiteBank;
				PRODUCT_NAME = "$(TARGET_NAME)";
				SWIFT_EMIT_LOC_STRINGS = YES;
				SWIFT_VERSION = 5.0;
				TARGETED_DEVICE_FAMILY = "1,2";
			};
			name = Debug;
		};
		65E793E92E434E0500A7DF22 /* Release */ = {
			isa = XCBuildConfiguration;
			buildSettings = {
				ASSETCATALOG_COMPILER_APPICON_NAME = AppIcon;
				ASSETCATALOG_COMPILER_GLOBAL_ACCENT_COLOR_NAME = AccentColor;
				CODE_SIGN_STYLE = Automatic;
				CURRENT_PROJECT_VERSION = 1;
				DEVELOPMENT_TEAM = 2NS4V5BBM5;
				ENABLE_PREVIEWS = YES;
				GENERATE_INFOPLIST_FILE = YES;
				INFOPLIST_KEY_CFBundleDisplayName = "豹白銀行";
				INFOPLIST_KEY_UIApplicationSceneManifest_Generation = YES;
				INFOPLIST_KEY_UIApplicationSupportsIndirectInputEvents = YES;
				INFOPLIST_KEY_UILaunchScreen_Generation = YES;
				INFOPLIST_KEY_UISupportedInterfaceOrientations = UIInterfaceOrientationPortrait;
				INFOPLIST_KEY_UISupportedInterfaceOrientations_iPad = "UIInterfaceOrientationLandscapeLeft UIInterfaceOrientationLandscapeRight UIInterfaceOrientationPortrait UIInterfaceOrientationPortraitUpsideDown";
				LD_RUNPATH_SEARCH_PATHS = (
					"$(inherited)",
					"@executable_path/Frameworks",
				);
				MARKETING_VERSION = 1.0;
				PRODUCT_BUNDLE_IDENTIFIER = top.danielk.CatWhiteBank;
				PRODUCT_NAME = "$(TARGET_NAME)";
				SWIFT_EMIT_LOC_STRINGS = YES;
				SWIFT_VERSION = 5.0;
				TARGETED_DEVICE_FAMILY = "1,2";
			};
			name = Release;
		};
		65E793EB2E434E0500A7DF22 /* Debug */ = {
			isa = XCBuildConfiguration;
			buildSettings = {
				BUNDLE_LOADER = "$(TEST_HOST)";
				CODE_SIGN_STYLE = Automatic;
				CURRENT_PROJECT_VERSION = 1;
				DEVELOPMENT_TEAM = 2NS4V5BBM5;
				GENERATE_INFOPLIST_FILE = YES;
				IPHONEOS_DEPLOYMENT_TARGET = 18.5;
				MARKETING_VERSION = 1.0;
				PRODUCT_BUNDLE_IDENTIFIER = top.danielk.CatWhiteBankTests;
				PRODUCT_NAME = "$(TARGET_NAME)";
				SWIFT_EMIT_LOC_STRINGS = NO;
				SWIFT_VERSION = 5.0;
				TARGETED_DEVICE_FAMILY = "1,2";
				TEST_HOST = "$(BUILT_PRODUCTS_DIR)/CatWhiteBank.app/$(BUNDLE_EXECUTABLE_FOLDER_PATH)/CatWhiteBank";
			};
			name = Debug;
		};
		65E793EC2E434E0500A7DF22 /* Release */ = {
			isa = XCBuildConfiguration;
			buildSettings = {
				BUNDLE_LOADER = "$(TEST_HOST)";
				CODE_SIGN_STYLE = Automatic;
				CURRENT_PROJECT_VERSION = 1;
				DEVELOPMENT_TEAM = 2NS4V5BBM5;
				GENERATE_INFOPLIST_FILE = YES;
				IPHONEOS_DEPLOYMENT_TARGET = 18.5;
				MARKETING_VERSION = 1.0;
				PRODUCT_BUNDLE_IDENTIFIER = top.danielk.CatWhiteBankTests;
				PRODUCT_NAME = "$(TARGET_NAME)";
				SWIFT_EMIT_LOC_STRINGS = NO;
				SWIFT_VERSION = 5.0;
				TARGETED_DEVICE_FAMILY = "1,2";
				TEST_HOST = "$(BUILT_PRODUCTS_DIR)/CatWhiteBank.app/$(BUNDLE_EXECUTABLE_FOLDER_PATH)/CatWhiteBank";
			};
			name = Release;
		};
		65E793EE2E434E0500A7DF22 /* Debug */ = {
			isa = XCBuildConfiguration;
			buildSettings = {
				CODE_SIGN_STYLE = Automatic;
				CURRENT_PROJECT_VERSION = 1;
				DEVELOPMENT_TEAM = 2NS4V5BBM5;
				GENERATE_INFOPLIST_FILE = YES;
				MARKETING_VERSION = 1.0;
				PRODUCT_BUNDLE_IDENTIFIER = top.danielk.CatWhiteBankUITests;
				PRODUCT_NAME = "$(TARGET_NAME)";
				SWIFT_EMIT_LOC_STRINGS = NO;
				SWIFT_VERSION = 5.0;
				TARGETED_DEVICE_FAMILY = "1,2";
				TEST_TARGET_NAME = CatWhiteBank;
			};
			name = Debug;
		};
		65E793EF2E434E0500A7DF22 /* Release */ = {
			isa = XCBuildConfiguration;
			buildSettings = {
				CODE_SIGN_STYLE = Automatic;
				CURRENT_PROJECT_VERSION = 1;
				DEVELOPMENT_TEAM = 2NS4V5BBM5;
				GENERATE_INFOPLIST_FILE = YES;
				MARKETING_VERSION = 1.0;
				PRODUCT_BUNDLE_IDENTIFIER = top.danielk.CatWhiteBankUITests;
				PRODUCT_NAME = "$(TARGET_NAME)";
				SWIFT_EMIT_LOC_STRINGS = NO;
				SWIFT_VERSION = 5.0;
				TARGETED_DEVICE_FAMILY = "1,2";
				TEST_TARGET_NAME = CatWhiteBank;
			};
			name = Release;
		};
/* End XCBuildConfiguration section */

/* Begin XCConfigurationList section */
		65E793C12E434E0400A7DF22 /* Build configuration list for PBXProject "CatWhiteBank" */ = {
			isa = XCConfigurationList;
			buildConfigurations = (
				65E793E52E434E0500A7DF22 /* Debug */,
				65E793E62E434E0500A7DF22 /* Release */,
			);
			defaultConfigurationIsVisible = 0;
			defaultConfigurationName = Release;
		};
		65E793E72E434E0500A7DF22 /* Build configuration list for PBXNativeTarget "CatWhiteBank" */ = {
			isa = XCConfigurationList;
			buildConfigurations = (
				65E793E82E434E0500A7DF22 /* Debug */,
				65E793E92E434E0500A7DF22 /* Release */,
			);
			defaultConfigurationIsVisible = 0;
			defaultConfigurationName = Release;
		};
		65E793EA2E434E0500A7DF22 /* Build configuration list for PBXNativeTarget "CatWhiteBankTests" */ = {
			isa = XCConfigurationList;
			buildConfigurations = (
				65E793EB2E434E0500A7DF22 /* Debug */,
				65E793EC2E434E0500A7DF22 /* Release */,
			);
			defaultConfigurationIsVisible = 0;
			defaultConfigurationName = Release;
		};
		65E793ED2E434E0500A7DF22 /* Build configuration list for PBXNativeTarget "CatWhiteBankUITests" */ = {
			isa = XCConfigurationList;
			buildConfigurations = (
				65E793EE2E434E0500A7DF22 /* Debug */,
				65E793EF2E434E0500A7DF22 /* Release */,
			);
			defaultConfigurationIsVisible = 0;
			defaultConfigurationName = Release;
		};
/* End XCConfigurationList section */
	};
	rootObject = 65E793BE2E434E0400A7DF22 /* Project object */;
}
